
Microsoft Visual Studio Solution File, Format Version 12.00
# Visual Studio Version 17
VisualStudioVersion = 17.9.34723.18
MinimumVisualStudioVersion = 10.0.40219.1
Project("{2150E333-8FDC-42A3-9474-1A3956D46DE8}") = "Services", "Services", "{AEB51598-F3C2-4EDC-A2C8-BDD3FAD223DD}"
EndProject
Project("{2150E333-8FDC-42A3-9474-1A3956D46DE8}") = "Catalog", "Catalog", "{A22ADF00-AE49-4332-BAFB-138009CCB8BA}"
EndProject
Project("{9A19103F-16F7-4668-BE54-9A1E7A4F7556}") = "Catalog.Api", "Services\Catalog\Catalog.Api\Catalog.Api.csproj", "{03340202-C423-43C0-8162-E785DA2DD93A}"
EndProject
Project("{E53339B2-1760-4266-BCC7-CA923CBCF16C}") = "docker-compose", "docker-compose.dcproj", "{0770E9CD-2300-4B2B-AB18-58FC1E500F67}"
EndProject
Project("{2150E333-8FDC-42A3-9474-1A3956D46DE8}") = "Basket", "Basket", "{65780A23-30B0-429D-83B2-DF3D748A1595}"
EndProject
Project("{9A19103F-16F7-4668-BE54-9A1E7A4F7556}") = "Basket.Api", "Services\Basket\Basket.Api\Basket.Api.csproj", "{DD454893-8D7E-4DEF-870D-BD0E4A6AD922}"
EndProject
Project("{2150E333-8FDC-42A3-9474-1A3956D46DE8}") = "Discount", "Discount", "{0B9957CF-34EA-4874-A3D5-5632CEA16CE9}"
EndProject
Project("{9A19103F-16F7-4668-BE54-9A1E7A4F7556}") = "Discount.Api", "Services\Discount\Discount.Api\Discount.Api.csproj", "{45A95127-B8E1-477A-92B7-486D496CC2C0}"
EndProject
Project("{9A19103F-16F7-4668-BE54-9A1E7A4F7556}") = "Discount.gRPC", "Services\Discount\Discount.gRPC\Discount.gRPC.csproj", "{2319BB3A-18AA-43AD-9BD8-7EF373BEFA56}"
EndProject
Project("{2150E333-8FDC-42A3-9474-1A3956D46DE8}") = "Ordering", "Ordering", "{6580C67D-179A-423C-A6E9-6A8915E23828}"
EndProject
Project("{9A19103F-16F7-4668-BE54-9A1E7A4F7556}") = "Ordering.Api", "Services\Ordering\Ordering.Api\Ordering.Api.csproj", "{AC2C2265-27EF-4F09-98C7-48CBC26AD4D3}"
EndProject
Project("{9A19103F-16F7-4668-BE54-9A1E7A4F7556}") = "Ordering.Domain", "Services\Ordering\Ordering.Domain\Ordering.Domain.csproj", "{55F23016-FDB6-4916-B244-94D238436A67}"
EndProject
Project("{9A19103F-16F7-4668-BE54-9A1E7A4F7556}") = "Ordering.Application", "Services\Ordering\Ordering.Application\Ordering.Application.csproj", "{47969F4C-1D7B-4E96-B4EB-82837C13AE9D}"
EndProject
Project("{9A19103F-16F7-4668-BE54-9A1E7A4F7556}") = "Ordering.Infrastructure", "Services\Ordering\Ordering.Infrastructure\Ordering.Infrastructure.csproj", "{4DEAFAEC-3DC9-46A5-8FB8-D8EF08A79CDB}"
EndProject
Project("{FAE04EC0-301F-11D3-BF4B-00C04F79EFBC}") = "Catalog.xUnitTests", "Services\Catalog\Catalog.xUnitTests\Catalog.xUnitTests.csproj", "{5FBFD445-A33C-4160-AE01-D9CE96583923}"
EndProject
Project("{2150E333-8FDC-42A3-9474-1A3956D46DE8}") = "BuildingBlocks", "BuildingBlocks", "{0D73CA00-B479-4EF4-A7B7-F8FA638EDD96}"
EndProject
Project("{FAE04EC0-301F-11D3-BF4B-00C04F79EFBC}") = "EventBus.Messages", "BuildingBlocks\EventBus.Messages\EventBus.Messages.csproj", "{67DE6C12-5878-4AD2-9D10-289C8BC1346D}"
EndProject
Global
	GlobalSection(SolutionConfigurationPlatforms) = preSolution
		Debug|Any CPU = Debug|Any CPU
		Release|Any CPU = Release|Any CPU
	EndGlobalSection
	GlobalSection(ProjectConfigurationPlatforms) = postSolution
		{03340202-C423-43C0-8162-E785DA2DD93A}.Debug|Any CPU.ActiveCfg = Debug|Any CPU
		{03340202-C423-43C0-8162-E785DA2DD93A}.Debug|Any CPU.Build.0 = Debug|Any CPU
		{03340202-C423-43C0-8162-E785DA2DD93A}.Release|Any CPU.ActiveCfg = Release|Any CPU
		{03340202-C423-43C0-8162-E785DA2DD93A}.Release|Any CPU.Build.0 = Release|Any CPU
		{0770E9CD-2300-4B2B-AB18-58FC1E500F67}.Debug|Any CPU.ActiveCfg = Debug|Any CPU
		{0770E9CD-2300-4B2B-AB18-58FC1E500F67}.Debug|Any CPU.Build.0 = Debug|Any CPU
		{0770E9CD-2300-4B2B-AB18-58FC1E500F67}.Release|Any CPU.ActiveCfg = Release|Any CPU
		{0770E9CD-2300-4B2B-AB18-58FC1E500F67}.Release|Any CPU.Build.0 = Release|Any CPU
		{DD454893-8D7E-4DEF-870D-BD0E4A6AD922}.Debug|Any CPU.ActiveCfg = Debug|Any CPU
		{DD454893-8D7E-4DEF-870D-BD0E4A6AD922}.Debug|Any CPU.Build.0 = Debug|Any CPU
		{DD454893-8D7E-4DEF-870D-BD0E4A6AD922}.Release|Any CPU.ActiveCfg = Release|Any CPU
		{DD454893-8D7E-4DEF-870D-BD0E4A6AD922}.Release|Any CPU.Build.0 = Release|Any CPU
		{45A95127-B8E1-477A-92B7-486D496CC2C0}.Debug|Any CPU.ActiveCfg = Debug|Any CPU
		{45A95127-B8E1-477A-92B7-486D496CC2C0}.Debug|Any CPU.Build.0 = Debug|Any CPU
		{45A95127-B8E1-477A-92B7-486D496CC2C0}.Release|Any CPU.ActiveCfg = Release|Any CPU
		{45A95127-B8E1-477A-92B7-486D496CC2C0}.Release|Any CPU.Build.0 = Release|Any CPU
		{2319BB3A-18AA-43AD-9BD8-7EF373BEFA56}.Debug|Any CPU.ActiveCfg = Debug|Any CPU
		{2319BB3A-18AA-43AD-9BD8-7EF373BEFA56}.Debug|Any CPU.Build.0 = Debug|Any CPU
		{2319BB3A-18AA-43AD-9BD8-7EF373BEFA56}.Release|Any CPU.ActiveCfg = Release|Any CPU
		{2319BB3A-18AA-43AD-9BD8-7EF373BEFA56}.Release|Any CPU.Build.0 = Release|Any CPU
		{AC2C2265-27EF-4F09-98C7-48CBC26AD4D3}.Debug|Any CPU.ActiveCfg = Debug|Any CPU
		{AC2C2265-27EF-4F09-98C7-48CBC26AD4D3}.Debug|Any CPU.Build.0 = Debug|Any CPU
		{AC2C2265-27EF-4F09-98C7-48CBC26AD4D3}.Release|Any CPU.ActiveCfg = Release|Any CPU
		{AC2C2265-27EF-4F09-98C7-48CBC26AD4D3}.Release|Any CPU.Build.0 = Release|Any CPU
		{55F23016-FDB6-4916-B244-94D238436A67}.Debug|Any CPU.ActiveCfg = Debug|Any CPU
		{55F23016-FDB6-4916-B244-94D238436A67}.Debug|Any CPU.Build.0 = Debug|Any CPU
		{55F23016-FDB6-4916-B244-94D238436A67}.Release|Any CPU.ActiveCfg = Release|Any CPU
		{55F23016-FDB6-4916-B244-94D238436A67}.Release|Any CPU.Build.0 = Release|Any CPU
		{47969F4C-1D7B-4E96-B4EB-82837C13AE9D}.Debug|Any CPU.ActiveCfg = Debug|Any CPU
		{47969F4C-1D7B-4E96-B4EB-82837C13AE9D}.Debug|Any CPU.Build.0 = Debug|Any CPU
		{47969F4C-1D7B-4E96-B4EB-82837C13AE9D}.Release|Any CPU.ActiveCfg = Release|Any CPU
		{47969F4C-1D7B-4E96-B4EB-82837C13AE9D}.Release|Any CPU.Build.0 = Release|Any CPU
		{4DEAFAEC-3DC9-46A5-8FB8-D8EF08A79CDB}.Debug|Any CPU.ActiveCfg = Debug|Any CPU
		{4DEAFAEC-3DC9-46A5-8FB8-D8EF08A79CDB}.Debug|Any CPU.Build.0 = Debug|Any CPU
		{4DEAFAEC-3DC9-46A5-8FB8-D8EF08A79CDB}.Release|Any CPU.ActiveCfg = Release|Any CPU
		{4DEAFAEC-3DC9-46A5-8FB8-D8EF08A79CDB}.Release|Any CPU.Build.0 = Release|Any CPU
		{5FBFD445-A33C-4160-AE01-D9CE96583923}.Debug|Any CPU.ActiveCfg = Debug|Any CPU
		{5FBFD445-A33C-4160-AE01-D9CE96583923}.Debug|Any CPU.Build.0 = Debug|Any CPU
		{5FBFD445-A33C-4160-AE01-D9CE96583923}.Release|Any CPU.ActiveCfg = Release|Any CPU
		{5FBFD445-A33C-4160-AE01-D9CE96583923}.Release|Any CPU.Build.0 = Release|Any CPU
		{67DE6C12-5878-4AD2-9D10-289C8BC1346D}.Debug|Any CPU.ActiveCfg = Debug|Any CPU
		{67DE6C12-5878-4AD2-9D10-289C8BC1346D}.Debug|Any CPU.Build.0 = Debug|Any CPU
		{67DE6C12-5878-4AD2-9D10-289C8BC1346D}.Release|Any CPU.ActiveCfg = Release|Any CPU
		{67DE6C12-5878-4AD2-9D10-289C8BC1346D}.Release|Any CPU.Build.0 = Release|Any CPU
	EndGlobalSection
	GlobalSection(SolutionProperties) = preSolution
		HideSolutionNode = FALSE
	EndGlobalSection
	GlobalSection(NestedProjects) = preSolution
		{A22ADF00-AE49-4332-BAFB-138009CCB8BA} = {AEB51598-F3C2-4EDC-A2C8-BDD3FAD223DD}
		{03340202-C423-43C0-8162-E785DA2DD93A} = {A22ADF00-AE49-4332-BAFB-138009CCB8BA}
		{65780A23-30B0-429D-83B2-DF3D748A1595} = {AEB51598-F3C2-4EDC-A2C8-BDD3FAD223DD}
		{DD454893-8D7E-4DEF-870D-BD0E4A6AD922} = {65780A23-30B0-429D-83B2-DF3D748A1595}
		{0B9957CF-34EA-4874-A3D5-5632CEA16CE9} = {AEB51598-F3C2-4EDC-A2C8-BDD3FAD223DD}
		{45A95127-B8E1-477A-92B7-486D496CC2C0} = {0B9957CF-34EA-4874-A3D5-5632CEA16CE9}
		{2319BB3A-18AA-43AD-9BD8-7EF373BEFA56} = {0B9957CF-34EA-4874-A3D5-5632CEA16CE9}
		{6580C67D-179A-423C-A6E9-6A8915E23828} = {AEB51598-F3C2-4EDC-A2C8-BDD3FAD223DD}
		{AC2C2265-27EF-4F09-98C7-48CBC26AD4D3} = {6580C67D-179A-423C-A6E9-6A8915E23828}
		{55F23016-FDB6-4916-B244-94D238436A67} = {6580C67D-179A-423C-A6E9-6A8915E23828}
		{47969F4C-1D7B-4E96-B4EB-82837C13AE9D} = {6580C67D-179A-423C-A6E9-6A8915E23828}
		{4DEAFAEC-3DC9-46A5-8FB8-D8EF08A79CDB} = {6580C67D-179A-423C-A6E9-6A8915E23828}
		{5FBFD445-A33C-4160-AE01-D9CE96583923} = {A22ADF00-AE49-4332-BAFB-138009CCB8BA}
		{67DE6C12-5878-4AD2-9D10-289C8BC1346D} = {0D73CA00-B479-4EF4-A7B7-F8FA638EDD96}
	EndGlobalSection
	GlobalSection(ExtensibilityGlobals) = postSolution
		SolutionGuid = {AB7E1B7A-39F8-4C92-93C4-8E659435763C}
	EndGlobalSection
EndGlobal
